// !$*UTF8*$!
{
	archiveVersion = 1;
	classes = {
	};
	objectVersion = 50;
	objects = {

/* Begin PBXBuildFile section */
		30861B7D2160D95E002C9ECE /* AppDelegate.swift in Sources */ = {isa = PBXBuildFile; fileRef = 30861B7C2160D95E002C9ECE /* AppDelegate.swift */; };
		30861B7F2160D95E002C9ECE /* ViewController.swift in Sources */ = {isa = PBXBuildFile; fileRef = 30861B7E2160D95E002C9ECE /* ViewController.swift */; };
		30861B822160D95E002C9ECE /* Main.storyboard in Resources */ = {isa = PBXBuildFile; fileRef = 30861B802160D95E002C9ECE /* Main.storyboard */; };
		30861B842160D960002C9ECE /* Assets.xcassets in Resources */ = {isa = PBXBuildFile; fileRef = 30861B832160D960002C9ECE /* Assets.xcassets */; };
		30861B872160D960002C9ECE /* LaunchScreen.storyboard in Resources */ = {isa = PBXBuildFile; fileRef = 30861B852160D960002C9ECE /* LaunchScreen.storyboard */; };
		30861B8F2160D98A002C9ECE /* hustle-on.wav in Resources */ = {isa = PBXBuildFile; fileRef = 30861B8E2160D98A002C9ECE /* hustle-on.wav */; };
/* End PBXBuildFile section */

/* Begin PBXFileReference section */
		30861B792160D95E002C9ECE /* Hustle-Mode.app */ = {isa = PBXFileReference; explicitFileType = wrapper.application; includeInIndex = 0; path = "Hustle-Mode.app"; sourceTree = BUILT_PRODUCTS_DIR; };
		30861B7C2160D95E002C9ECE /* AppDelegate.swift */ = {isa = PBXFileReference; lastKnownFileType = sourcecode.swift; path = AppDelegate.swift; sourceTree = "<group>"; };
		30861B7E2160D95E002C9ECE /* ViewController.swift */ = {isa = PBXFileReference; lastKnownFileType = sourcecode.swift; path = ViewController.swift; sourceTree = "<group>"; };
		30861B812160D95E002C9ECE /* Base */ = {isa = PBXFileReference; lastKnownFileType = file.storyboard; name = Base; path = Base.lproj/Main.storyboard; sourceTree = "<group>"; };
		30861B832160D960002C9ECE /* Assets.xcassets */ = {isa = PBXFileReference; lastKnownFileType = folder.assetcatalog; path = Assets.xcassets; sourceTree = "<group>"; };
		30861B862160D960002C9ECE /* Base */ = {isa = PBXFileReference; lastKnownFileType = file.storyboard; name = Base; path = Base.lproj/LaunchScreen.storyboard; sourceTree = "<group>"; };
		30861B882160D960002C9ECE /* Info.plist */ = {isa = PBXFileReference; lastKnownFileType = text.plist.xml; path = Info.plist; sourceTree = "<group>"; };
		30861B8E2160D98A002C9ECE /* hustle-on.wav */ = {isa = PBXFileReference; lastKnownFileType = audio.wav; path = "hustle-on.wav"; sourceTree = "<group>"; };
/* End PBXFileReference section */

/* Begin PBXFrameworksBuildPhase section */
		30861B762160D95E002C9ECE /* Frameworks */ = {
			isa = PBXFrameworksBuildPhase;
			buildActionMask = 2147483647;
			files = (
			);
			runOnlyForDeploymentPostprocessing = 0;
		};
/* End PBXFrameworksBuildPhase section */

/* Begin PBXGroup section */
		30861B702160D95E002C9ECE = {
			isa = PBXGroup;
			children = (
				30861B7B2160D95E002C9ECE /* Hustle-Mode */,
				30861B7A2160D95E002C9ECE /* Products */,
			);
			sourceTree = "<group>";
		};
		30861B7A2160D95E002C9ECE /* Products */ = {
			isa = PBXGroup;
			children = (
				30861B792160D95E002C9ECE /* Hustle-Mode.app */,
			);
			name = Products;
			sourceTree = "<group>";
		};
		30861B7B2160D95E002C9ECE /* Hustle-Mode */ = {
			isa = PBXGroup;
			children = (
				30861B8E2160D98A002C9ECE /* hustle-on.wav */,
				30861B7C2160D95E002C9ECE /* AppDelegate.swift */,
				30861B7E2160D95E002C9ECE /* ViewController.swift */,
				30861B802160D95E002C9ECE /* Main.storyboard */,
				30861B832160D960002C9ECE /* Assets.xcassets */,
				30861B852160D960002C9ECE /* LaunchScreen.storyboard */,
				30861B882160D960002C9ECE /* Info.plist */,
			);
			path = "Hustle-Mode";
			sourceTree = "<group>";
		};
/* End PBXGroup section */

/* Begin PBXNativeTarget section */
		30861B782160D95E002C9ECE /* Hustle-Mode */ = {
			isa = PBXNativeTarget;
			buildConfigurationList = 30861B8B2160D960002C9ECE /* Build configuration list for PBXNativeTarget "Hustle-Mode" */;
			buildPhases = (
				30861B752160D95E002C9ECE /* Sources */,
				30861B762160D95E002C9ECE /* Frameworks */,
				30861B772160D95E002C9ECE /* Resources */,
			);
			buildRules = (
			);
			dependencies = (
			);
			name = "Hustle-Mode";
			productName = "Hustle-Mode";
			productReference = 30861B792160D95E002C9ECE /* Hustle-Mode.app */;
			productType = "com.apple.product-type.application";
		};
/* End PBXNativeTarget section */

/* Begin PBXProject section */
		30861B712160D95E002C9ECE /* Project object */ = {
			isa = PBXProject;
			attributes = {
				LastSwiftUpdateCheck = 1000;
				LastUpgradeCheck = 1000;
				ORGANIZATIONNAME = "Preeteesh Remalli";
				TargetAttributes = {
					30861B782160D95E002C9ECE = {
						CreatedOnToolsVersion = 10.0;
					};
				};
			};
			buildConfigurationList = 30861B742160D95E002C9ECE /* Build configuration list for PBXProject "Hustle-Mode" */;
			compatibilityVersion = "Xcode 9.3";
			developmentRegion = en;
			hasScannedForEncodings = 0;
			knownRegions = (
				en,
				Base,
			);
			mainGroup = 30861B702160D95E002C9ECE;
			productRefGroup = 30861B7A2160D95E002C9ECE /* Products */;
			projectDirPath = "";
			projectRoot = "";
			targets = (
				30861B782160D95E002C9ECE /* Hustle-Mode */,
			);
		};
/* End PBXProject section */

/* Begin PBXResourcesBuildPhase section */
		30861B772160D95E002C9ECE /* Resources */ = {
			isa = PBXResourcesBuildPhase;
			buildActionMask = 2147483647;
			files = (
				30861B8F2160D98A002C9ECE /* hustle-on.wav in Resources */,
				30861B872160D960002C9ECE /* LaunchScreen.storyboard in Resources */,
				30861B842160D960002C9ECE /* Assets.xcassets in Resources */,
				30861B822160D95E002C9ECE /* Main.storyboard in Resources */,
			);
			runOnlyForDeploymentPostprocessing = 0;
		};
/* End PBXResourcesBuildPhase section */

/* Begin PBXSourcesBuildPhase section */
		30861B752160D95E002C9ECE /* Sources */ = {
			isa = PBXSourcesBuildPhase;
			buildActionMask = 2147483647;
			files = (
				30861B7F2160D95E002C9ECE /* ViewController.swift in Sources */,
				30861B7D2160D95E002C9ECE /* AppDelegate.swift in Sources */,
			);
			runOnlyForDeploymentPostprocessing = 0;
		};
/* End PBXSourcesBuildPhase section */

/* Begin PBXVariantGroup section */
		30861B802160D95E002C9ECE /* Main.storyboard */ = {
			isa = PBXVariantGroup;
			children = (
				30861B812160D95E002C9ECE /* Base */,
			);
			name = Main.storyboard;
			sourceTree = "<group>";
		};
		30861B852160D960002C9ECE /* LaunchScreen.storyboard */ = {
			isa = PBXVariantGroup;
			children = (
				30861B862160D960002C9ECE /* Base */,
			);
			name = LaunchScreen.storyboard;
			sourceTree = "<group>";
		};
/* End PBXVariantGroup section */

/* Begin XCBuildConfiguration section */
		30861B892160D960002C9ECE /* Debug */ = {
			isa = XCBuildConfiguration;
			buildSettings = {
				ALWAYS_SEARCH_USER_PATHS = NO;
				CLANG_ANALYZER_NONNULL = YES;
				CLANG_ANALYZER_NUMBER_OBJECT_CONVERSION = YES_AGGRESSIVE;
				CLANG_CXX_LANGUAGE_STANDARD = "gnu++14";
				CLANG_CXX_LIBRARY = "libc++";
				CLANG_ENABLE_MODULES = YES;
				CLANG_ENABLE_OBJC_ARC = YES;
				CLANG_ENABLE_OBJC_WEAK = YES;
				CLANG_WARN_BLOCK_CAPTURE_AUTORELEASING = YES;
				CLANG_WARN_BOOL_CONVERSION = YES;
				CLANG_WARN_COMMA = YES;
				CLANG_WARN_CONSTANT_CONVERSION = YES;
				CLANG_WARN_DEPRECATED_OBJC_IMPLEMENTATIONS = YES;
				CLANG_WARN_DIRECT_OBJC_ISA_USAGE = YES_ERROR;
				CLANG_WARN_DOCUMENTATION_COMMENTS = YES;
				CLANG_WARN_EMPTY_BODY = YES;
				CLANG_WARN_ENUM_CONVERSION = YES;
				CLANG_WARN_INFINITE_RECURSION = YES;
				CLANG_WARN_INT_CONVERSION = YES;
				CLANG_WARN_NON_LITERAL_NULL_CONVERSION = YES;
				CLANG_WARN_OBJC_IMPLICIT_RETAIN_SELF = YES;
				CLANG_WARN_OBJC_LITERAL_CONVERSION = YES;
				CLANG_WARN_OBJC_ROOT_CLASS = YES_ERROR;
				CLANG_WARN_RANGE_LOOP_ANALYSIS = YES;
				CLANG_WARN_STRICT_PROTOTYPES = YES;
				CLANG_WARN_SUSPICIOUS_MOVE = YES;
				CLANG_WARN_UNGUARDED_AVAILABILITY = YES_AGGRESSIVE;
				CLANG_WARN_UNREACHABLE_CODE = YES;
				CLANG_WARN__DUPLICATE_METHOD_MATCH = YES;
				CODE_SIGN_IDENTITY = "iPhone Developer";
				COPY_PHASE_STRIP = NO;
				DEBUG_INFORMATION_FORMAT = dwarf;
				ENABLE_STRICT_OBJC_MSGSEND = YES;
				ENABLE_TESTABILITY = YES;
				GCC_C_LANGUAGE_STANDARD = gnu11;
				GCC_DYNAMIC_NO_PIC = NO;
				GCC_NO_COMMON_BLOCKS = YES;
				GCC_OPTIMIZATION_LEVEL = 0;
				GCC_PREPROCESSOR_DEFINITIONS = (
					"DEBUG=1",
					"$(inherited)",
				);
				GCC_WARN_64_TO_32_BIT_CONVERSION = YES;
				GCC_WARN_ABOUT_RETURN_TYPE = YES_ERROR;
				GCC_WARN_UNDECLARED_SELECTOR = YES;
				GCC_WARN_UNINITIALIZED_AUTOS = YES_AGGRESSIVE;
				GCC_WARN_UNUSED_FUNCTION = YES;
				GCC_WARN_UNUSED_VARIABLE = YES;
				IPHONEOS_DEPLOYMENT_TARGET = 12.0;
				MTL_ENABLE_DEBUG_INFO = INCLUDE_SOURCE;
				MTL_FAST_MATH = YES;
				ONLY_ACTIVE_ARCH = YES;
				SDKROOT = iphoneos;
				SWIFT_ACTIVE_COMPILATION_CONDITIONS = DEBUG;
				SWIFT_OPTIMIZATION_LEVEL = "-Onone";
			};
			name = Debug;
		};
		30861B8A2160D960002C9ECE /* Release */ = {
			isa = XCBuildConfiguration;
			buildSettings = {
				ALWAYS_SEARCH_USER_PATHS = NO;
				CLANG_ANALYZER_NONNULL = YES;
				CLANG_ANALYZER_NUMBER_OBJECT_CONVERSION = YES_AGGRESSIVE;
				CLANG_CXX_LANGUAGE_STANDARD = "gnu++14";
				CLANG_CXX_LIBRARY = "libc++";
				CLANG_ENABLE_MODULES = YES;
				CLANG_ENABLE_OBJC_ARC = YES;
				CLANG_ENABLE_OBJC_WEAK = YES;
				CLANG_WARN_BLOCK_CAPTURE_AUTORELEASING = YES;
				CLANG_WARN_BOOL_CONVERSION = YES;
				CLANG_WARN_COMMA = YES;
				CLANG_WARN_CONSTANT_CONVERSION = YES;
				CLANG_WARN_DEPRECATED_OBJC_IMPLEMENTATIONS = YES;
				CLANG_WARN_DIRECT_OBJC_ISA_USAGE = YES_ERROR;
				CLANG_WARN_DOCUMENTATION_COMMENTS = YES;
				CLANG_WARN_EMPTY_BODY = YES;
				CLANG_WARN_ENUM_CONVERSION = YES;
				CLANG_WARN_INFINITE_RECURSION = YES;
				CLANG_WARN_INT_CONVERSION = YES;
				CLANG_WARN_NON_LITERAL_NULL_CONVERSION = YES;
				CLANG_WARN_OBJC_IMPLICIT_RETAIN_SELF = YES;
				CLANG_WARN_OBJC_LITERAL_CONVERSION = YES;
				CLANG_WARN_OBJC_ROOT_CLASS = YES_ERROR;
				CLANG_WARN_RANGE_LOOP_ANALYSIS = YES;
				CLANG_WARN_STRICT_PROTOTYPES = YES;
				CLANG_WARN_SUSPICIOUS_MOVE = YES;
				CLANG_WARN_UNGUARDED_AVAILABILITY = YES_AGGRESSIVE;
				CLANG_WARN_UNREACHABLE_CODE = YES;
				CLANG_WARN__DUPLICATE_METHOD_MATCH = YES;
				CODE_SIGN_IDENTITY = "iPhone Developer";
				COPY_PHASE_STRIP = NO;
				DEBUG_INFORMATION_FORMAT = "dwarf-with-dsym";
				ENABLE_NS_ASSERTIONS = NO;
				ENABLE_STRICT_OBJC_MSGSEND = YES;
				GCC_C_LANGUAGE_STANDARD = gnu11;
				GCC_NO_COMMON_BLOCKS = YES;
				GCC_WARN_64_TO_32_BIT_CONVERSION = YES;
				GCC_WARN_ABOUT_RETURN_TYPE = YES_ERROR;
				GCC_WARN_UNDECLARED_SELECTOR = YES;
				GCC_WARN_UNINITIALIZED_AUTOS = YES_AGGRESSIVE;
				GCC_WARN_UNUSED_FUNCTION = YES;
				GCC_WARN_UNUSED_VARIABLE = YES;
				IPHONEOS_DEPLOYMENT_TARGET = 12.0;
				MTL_ENABLE_DEBUG_INFO = NO;
				MTL_FAST_MATH = YES;
				SDKROOT = iphoneos;
				SWIFT_COMPILATION_MODE = wholemodule;
				SWIFT_OPTIMIZATION_LEVEL = "-O";
				VALIDATE_PRODUCT = YES;
			};
			name = Release;
		};
		30861B8C2160D960002C9ECE /* Debug */ = {
			isa = XCBuildConfiguration;
			buildSettings = {
				ASSETCATALOG_COMPILER_APPICON_NAME = AppIcon;
				CODE_SIGN_STYLE = Automatic;
				DEVELOPMENT_TEAM = 6X87BK799W;
				INFOPLIST_FILE = "Hustle-Mode/Info.plist";
				LD_RUNPATH_SEARCH_PATHS = (
					"$(inherited)",
					"@executable_path/Frameworks",
				);
				PRODUCT_BUNDLE_IDENTIFIER = "com.priteesh.Hustle-Mode";
				PRODUCT_NAME = "$(TARGET_NAME)";
				SWIFT_VERSION = 4.2;
				TARGETED_DEVICE_FAMILY = "1,2";
			};
			name = Debug;
		};
		30861B8D2160D960002C9ECE /* Release */ = {
			isa = XCBuildConfiguration;
			buildSettings = {
				ASSETCATALOG_COMPILER_APPICON_NAME = AppIcon;
				CODE_SIGN_STYLE = Automatic;
				DEVELOPMENT_TEAM = 6X87BK799W;
				INFOPLIST_FILE = "Hustle-Mode/Info.plist";
				LD_RUNPATH_SEARCH_PATHS = (
					"$(inherited)",
					"@executable_path/Frameworks",
				);
				PRODUCT_BUNDLE_IDENTIFIER = "com.priteesh.Hustle-Mode";
				PRODUCT_NAME = "$(TARGET_NAME)";
				SWIFT_VERSION = 4.2;
				TARGETED_DEVICE_FAMILY = "1,2";
			};
			name = Release;
		};
/* End XCBuildConfiguration section */

/* Begin XCConfigurationList section */
		30861B742160D95E002C9ECE /* Build configuration list for PBXProject "Hustle-Mode" */ = {
			isa = XCConfigurationList;
			buildConfigurations = (
				30861B892160D960002C9ECE /* Debug */,
				30861B8A2160D960002C9ECE /* Release */,
			);
			defaultConfigurationIsVisible = 0;
			defaultConfigurationName = Release;
		};
		30861B8B2160D960002C9ECE /* Build configuration list for PBXNativeTarget "Hustle-Mode" */ = {
			isa = XCConfigurationList;
			buildConfigurations = (
				30861B8C2160D960002C9ECE /* Debug */,
				30861B8D2160D960002C9ECE /* Release */,
			);
			defaultConfigurationIsVisible = 0;
			defaultConfigurationName = Release;
		};
/* End XCConfigurationList section */
	};
	rootObject = 30861B712160D95E002C9ECE /* Project object */;
}
